
Microsoft Visual Studio Solution File, Format Version 12.00
# Visual Studio 15
VisualStudioVersion = 15.0.28307.902
MinimumVisualStudioVersion = 10.0.40219.1
Project("{FAE04EC0-301F-11D3-BF4B-00C04F79EFBC}") = "RegistrationUser", "RegistrationUser\RegistrationUser.csproj", "{8DCA5F86-3A13-4602-9BF4-D758E920323A}"
EndProject
Global
	GlobalSection(SolutionConfigurationPlatforms) = preSolution
		Debug|Any CPU = Debug|Any CPU
		Release|Any CPU = Release|Any CPU
	EndGlobalSection
	GlobalSection(ProjectConfigurationPlatforms) = postSolution
		{8DCA5F86-3A13-4602-9BF4-D758E920323A}.Debug|Any CPU.ActiveCfg = Debug|Any CPU
		{8DCA5F86-3A13-4602-9BF4-D758E920323A}.Debug|Any CPU.Build.0 = Debug|Any CPU
		{8DCA5F86-3A13-4602-9BF4-D758E920323A}.Release|Any CPU.ActiveCfg = Release|Any CPU
		{8DCA5F86-3A13-4602-9BF4-D758E920323A}.Release|Any CPU.Build.0 = Release|Any CPU
	EndGlobalSection
	GlobalSection(SolutionProperties) = preSolution
		HideSolutionNode = FALSE
	EndGlobalSection
	GlobalSection(ExtensibilityGlobals) = postSolution
		SolutionGuid = {B2875CD9-AB53-407A-BE33-1978A75F75DB}
	EndGlobalSection
EndGlobal
